// !$*UTF8*$!
{
	archiveVersion = 1;
	classes = {
	};
	objectVersion = 50;
	objects = {

/* Begin PBXBuildFile section */
		27ADCEE526D0974800E6ABB4 /* Tests_iOS.swift in Sources */ = {isa = PBXBuildFile; fileRef = 27ADCEE426D0974800E6ABB4 /* Tests_iOS.swift */; };
		27ADCEF026D0974800E6ABB4 /* Tests_macOS.swift in Sources */ = {isa = PBXBuildFile; fileRef = 27ADCEEF26D0974800E6ABB4 /* Tests_macOS.swift */; };
		27ADCEF226D0974800E6ABB4 /* uygulamaApp.swift in Sources */ = {isa = PBXBuildFile; fileRef = 27ADCEC926D0974700E6ABB4 /* uygulamaApp.swift */; };
		27ADCEF326D0974800E6ABB4 /* uygulamaApp.swift in Sources */ = {isa = PBXBuildFile; fileRef = 27ADCEC926D0974700E6ABB4 /* uygulamaApp.swift */; };
		27ADCEF426D0974800E6ABB4 /* ContentView.swift in Sources */ = {isa = PBXBuildFile; fileRef = 27ADCECA26D0974700E6ABB4 /* ContentView.swift */; };
		27ADCEF526D0974800E6ABB4 /* ContentView.swift in Sources */ = {isa = PBXBuildFile; fileRef = 27ADCECA26D0974700E6ABB4 /* ContentView.swift */; };
		27ADCEF626D0974800E6ABB4 /* Assets.xcassets in Resources */ = {isa = PBXBuildFile; fileRef = 27ADCECB26D0974800E6ABB4 /* Assets.xcassets */; };
		27ADCEF726D0974800E6ABB4 /* Assets.xcassets in Resources */ = {isa = PBXBuildFile; fileRef = 27ADCECB26D0974800E6ABB4 /* Assets.xcassets */; };
/* End PBXBuildFile section */

/* Begin PBXContainerItemProxy section */
		27ADCEE126D0974800E6ABB4 /* PBXContainerItemProxy */ = {
			isa = PBXContainerItemProxy;
			containerPortal = 27ADCEC426D0974600E6ABB4 /* Project object */;
			proxyType = 1;
			remoteGlobalIDString = 27ADCECF26D0974800E6ABB4;
			remoteInfo = "uygulama (iOS)";
		};
		27ADCEEC26D0974800E6ABB4 /* PBXContainerItemProxy */ = {
			isa = PBXContainerItemProxy;
			containerPortal = 27ADCEC426D0974600E6ABB4 /* Project object */;
			proxyType = 1;
			remoteGlobalIDString = 27ADCED726D0974800E6ABB4;
			remoteInfo = "uygulama (macOS)";
		};
/* End PBXContainerItemProxy section */

/* Begin PBXFileReference section */
		27ADCEC926D0974700E6ABB4 /* uygulamaApp.swift */ = {isa = PBXFileReference; lastKnownFileType = sourcecode.swift; path = uygulamaApp.swift; sourceTree = "<group>"; };
		27ADCECA26D0974700E6ABB4 /* ContentView.swift */ = {isa = PBXFileReference; lastKnownFileType = sourcecode.swift; path = ContentView.swift; sourceTree = "<group>"; };
		27ADCECB26D0974800E6ABB4 /* Assets.xcassets */ = {isa = PBXFileReference; lastKnownFileType = folder.assetcatalog; path = Assets.xcassets; sourceTree = "<group>"; };
		27ADCED026D0974800E6ABB4 /* uygulama.app */ = {isa = PBXFileReference; explicitFileType = wrapper.application; includeInIndex = 0; path = uygulama.app; sourceTree = BUILT_PRODUCTS_DIR; };
		27ADCED326D0974800E6ABB4 /* Info.plist */ = {isa = PBXFileReference; lastKnownFileType = text.plist.xml; path = Info.plist; sourceTree = "<group>"; };
		27ADCED826D0974800E6ABB4 /* uygulama.app */ = {isa = PBXFileReference; explicitFileType = wrapper.application; includeInIndex = 0; path = uygulama.app; sourceTree = BUILT_PRODUCTS_DIR; };
		27ADCEDA26D0974800E6ABB4 /* Info.plist */ = {isa = PBXFileReference; lastKnownFileType = text.plist.xml; path = Info.plist; sourceTree = "<group>"; };
		27ADCEDB26D0974800E6ABB4 /* macOS.entitlements */ = {isa = PBXFileReference; lastKnownFileType = text.plist.entitlements; path = macOS.entitlements; sourceTree = "<group>"; };
		27ADCEE026D0974800E6ABB4 /* Tests iOS.xctest */ = {isa = PBXFileReference; explicitFileType = wrapper.cfbundle; includeInIndex = 0; path = "Tests iOS.xctest"; sourceTree = BUILT_PRODUCTS_DIR; };
		27ADCEE426D0974800E6ABB4 /* Tests_iOS.swift */ = {isa = PBXFileReference; lastKnownFileType = sourcecode.swift; path = Tests_iOS.swift; sourceTree = "<group>"; };
		27ADCEE626D0974800E6ABB4 /* Info.plist */ = {isa = PBXFileReference; lastKnownFileType = text.plist.xml; path = Info.plist; sourceTree = "<group>"; };
		27ADCEEB26D0974800E6ABB4 /* Tests macOS.xctest */ = {isa = PBXFileReference; explicitFileType = wrapper.cfbundle; includeInIndex = 0; path = "Tests macOS.xctest"; sourceTree = BUILT_PRODUCTS_DIR; };
		27ADCEEF26D0974800E6ABB4 /* Tests_macOS.swift */ = {isa = PBXFileReference; lastKnownFileType = sourcecode.swift; path = Tests_macOS.swift; sourceTree = "<group>"; };
		27ADCEF126D0974800E6ABB4 /* Info.plist */ = {isa = PBXFileReference; lastKnownFileType = text.plist.xml; path = Info.plist; sourceTree = "<group>"; };
/* End PBXFileReference section */

/* Begin PBXFrameworksBuildPhase section */
		27ADCECD26D0974800E6ABB4 /* Frameworks */ = {
			isa = PBXFrameworksBuildPhase;
			buildActionMask = 2147483647;
			files = (
			);
			runOnlyForDeploymentPostprocessing = 0;
		};
		27ADCED526D0974800E6ABB4 /* Frameworks */ = {
			isa = PBXFrameworksBuildPhase;
			buildActionMask = 2147483647;
			files = (
			);
			runOnlyForDeploymentPostprocessing = 0;
		};
		27ADCEDD26D0974800E6ABB4 /* Frameworks */ = {
			isa = PBXFrameworksBuildPhase;
			buildActionMask = 2147483647;
			files = (
			);
			runOnlyForDeploymentPostprocessing = 0;
		};
		27ADCEE826D0974800E6ABB4 /* Frameworks */ = {
			isa = PBXFrameworksBuildPhase;
			buildActionMask = 2147483647;
			files = (
			);
			runOnlyForDeploymentPostprocessing = 0;
		};
/* End PBXFrameworksBuildPhase section */

/* Begin PBXGroup section */
		27ADCEC326D0974600E6ABB4 = {
			isa = PBXGroup;
			children = (
				27ADCEC826D0974700E6ABB4 /* Shared */,
				27ADCED226D0974800E6ABB4 /* iOS */,
				27ADCED926D0974800E6ABB4 /* macOS */,
				27ADCEE326D0974800E6ABB4 /* Tests iOS */,
				27ADCEEE26D0974800E6ABB4 /* Tests macOS */,
				27ADCED126D0974800E6ABB4 /* Products */,
			);
			sourceTree = "<group>";
		};
		27ADCEC826D0974700E6ABB4 /* Shared */ = {
			isa = PBXGroup;
			children = (
				27ADCEC926D0974700E6ABB4 /* uygulamaApp.swift */,
				27ADCECA26D0974700E6ABB4 /* ContentView.swift */,
				27ADCECB26D0974800E6ABB4 /* Assets.xcassets */,
			);
			path = Shared;
			sourceTree = "<group>";
		};
		27ADCED126D0974800E6ABB4 /* Products */ = {
			isa = PBXGroup;
			children = (
				27ADCED026D0974800E6ABB4 /* uygulama.app */,
				27ADCED826D0974800E6ABB4 /* uygulama.app */,
				27ADCEE026D0974800E6ABB4 /* Tests iOS.xctest */,
				27ADCEEB26D0974800E6ABB4 /* Tests macOS.xctest */,
			);
			name = Products;
			sourceTree = "<group>";
		};
		27ADCED226D0974800E6ABB4 /* iOS */ = {
			isa = PBXGroup;
			children = (
				27ADCED326D0974800E6ABB4 /* Info.plist */,
			);
			path = iOS;
			sourceTree = "<group>";
		};
		27ADCED926D0974800E6ABB4 /* macOS */ = {
			isa = PBXGroup;
			children = (
				27ADCEDA26D0974800E6ABB4 /* Info.plist */,
				27ADCEDB26D0974800E6ABB4 /* macOS.entitlements */,
			);
			path = macOS;
			sourceTree = "<group>";
		};
		27ADCEE326D0974800E6ABB4 /* Tests iOS */ = {
			isa = PBXGroup;
			children = (
				27ADCEE426D0974800E6ABB4 /* Tests_iOS.swift */,
				27ADCEE626D0974800E6ABB4 /* Info.plist */,
			);
			path = "Tests iOS";
			sourceTree = "<group>";
		};
		27ADCEEE26D0974800E6ABB4 /* Tests macOS */ = {
			isa = PBXGroup;
			children = (
				27ADCEEF26D0974800E6ABB4 /* Tests_macOS.swift */,
				27ADCEF126D0974800E6ABB4 /* Info.plist */,
			);
			path = "Tests macOS";
			sourceTree = "<group>";
		};
/* End PBXGroup section */

/* Begin PBXNativeTarget section */
		27ADCECF26D0974800E6ABB4 /* uygulama (iOS) */ = {
			isa = PBXNativeTarget;
			buildConfigurationList = 27ADCEFA26D0974800E6ABB4 /* Build configuration list for PBXNativeTarget "uygulama (iOS)" */;
			buildPhases = (
				27ADCECC26D0974800E6ABB4 /* Sources */,
				27ADCECD26D0974800E6ABB4 /* Frameworks */,
				27ADCECE26D0974800E6ABB4 /* Resources */,
			);
			buildRules = (
			);
			dependencies = (
			);
			name = "uygulama (iOS)";
			productName = "uygulama (iOS)";
			productReference = 27ADCED026D0974800E6ABB4 /* uygulama.app */;
			productType = "com.apple.product-type.application";
		};
		27ADCED726D0974800E6ABB4 /* uygulama (macOS) */ = {
			isa = PBXNativeTarget;
			buildConfigurationList = 27ADCEFD26D0974800E6ABB4 /* Build configuration list for PBXNativeTarget "uygulama (macOS)" */;
			buildPhases = (
				27ADCED426D0974800E6ABB4 /* Sources */,
				27ADCED526D0974800E6ABB4 /* Frameworks */,
				27ADCED626D0974800E6ABB4 /* Resources */,
			);
			buildRules = (
			);
			dependencies = (
			);
			name = "uygulama (macOS)";
			productName = "uygulama (macOS)";
			productReference = 27ADCED826D0974800E6ABB4 /* uygulama.app */;
			productType = "com.apple.product-type.application";
		};
		27ADCEDF26D0974800E6ABB4 /* Tests iOS */ = {
			isa = PBXNativeTarget;
			buildConfigurationList = 27ADCF0026D0974800E6ABB4 /* Build configuration list for PBXNativeTarget "Tests iOS" */;
			buildPhases = (
				27ADCEDC26D0974800E6ABB4 /* Sources */,
				27ADCEDD26D0974800E6ABB4 /* Frameworks */,
				27ADCEDE26D0974800E6ABB4 /* Resources */,
			);
			buildRules = (
			);
			dependencies = (
				27ADCEE226D0974800E6ABB4 /* PBXTargetDependency */,
			);
			name = "Tests iOS";
			productName = "Tests iOS";
			productReference = 27ADCEE026D0974800E6ABB4 /* Tests iOS.xctest */;
			productType = "com.apple.product-type.bundle.ui-testing";
		};
		27ADCEEA26D0974800E6ABB4 /* Tests macOS */ = {
			isa = PBXNativeTarget;
			buildConfigurationList = 27ADCF0326D0974800E6ABB4 /* Build configuration list for PBXNativeTarget "Tests macOS" */;
			buildPhases = (
				27ADCEE726D0974800E6ABB4 /* Sources */,
				27ADCEE826D0974800E6ABB4 /* Frameworks */,
				27ADCEE926D0974800E6ABB4 /* Resources */,
			);
			buildRules = (
			);
			dependencies = (
				27ADCEED26D0974800E6ABB4 /* PBXTargetDependency */,
			);
			name = "Tests macOS";
			productName = "Tests macOS";
			productReference = 27ADCEEB26D0974800E6ABB4 /* Tests macOS.xctest */;
			productType = "com.apple.product-type.bundle.ui-testing";
		};
/* End PBXNativeTarget section */

/* Begin PBXProject section */
		27ADCEC426D0974600E6ABB4 /* Project object */ = {
			isa = PBXProject;
			attributes = {
				LastSwiftUpdateCheck = 1250;
				LastUpgradeCheck = 1250;
				TargetAttributes = {
					27ADCECF26D0974800E6ABB4 = {
						CreatedOnToolsVersion = 12.5.1;
					};
					27ADCED726D0974800E6ABB4 = {
						CreatedOnToolsVersion = 12.5.1;
					};
					27ADCEDF26D0974800E6ABB4 = {
						CreatedOnToolsVersion = 12.5.1;
						TestTargetID = 27ADCECF26D0974800E6ABB4;
					};
					27ADCEEA26D0974800E6ABB4 = {
						CreatedOnToolsVersion = 12.5.1;
						TestTargetID = 27ADCED726D0974800E6ABB4;
					};
				};
			};
			buildConfigurationList = 27ADCEC726D0974600E6ABB4 /* Build configuration list for PBXProject "uygulama" */;
			compatibilityVersion = "Xcode 9.3";
			developmentRegion = en;
			hasScannedForEncodings = 0;
			knownRegions = (
				en,
				Base,
			);
			mainGroup = 27ADCEC326D0974600E6ABB4;
			productRefGroup = 27ADCED126D0974800E6ABB4 /* Products */;
			projectDirPath = "";
			projectRoot = "";
			targets = (
				27ADCECF26D0974800E6ABB4 /* uygulama (iOS) */,
				27ADCED726D0974800E6ABB4 /* uygulama (macOS) */,
				27ADCEDF26D0974800E6ABB4 /* Tests iOS */,
				27ADCEEA26D0974800E6ABB4 /* Tests macOS */,
			);
		};
/* End PBXProject section */

/* Begin PBXResourcesBuildPhase section */
		27ADCECE26D0974800E6ABB4 /* Resources */ = {
			isa = PBXResourcesBuildPhase;
			buildActionMask = 2147483647;
			files = (
				27ADCEF626D0974800E6ABB4 /* Assets.xcassets in Resources */,
			);
			runOnlyForDeploymentPostprocessing = 0;
		};
		27ADCED626D0974800E6ABB4 /* Resources */ = {
			isa = PBXResourcesBuildPhase;
			buildActionMask = 2147483647;
			files = (
				27ADCEF726D0974800E6ABB4 /* Assets.xcassets in Resources */,
			);
			runOnlyForDeploymentPostprocessing = 0;
		};
		27ADCEDE26D0974800E6ABB4 /* Resources */ = {
			isa = PBXResourcesBuildPhase;
			buildActionMask = 2147483647;
			files = (
			);
			runOnlyForDeploymentPostprocessing = 0;
		};
		27ADCEE926D0974800E6ABB4 /* Resources */ = {
			isa = PBXResourcesBuildPhase;
			buildActionMask = 2147483647;
			files = (
			);
			runOnlyForDeploymentPostprocessing = 0;
		};
/* End PBXResourcesBuildPhase section */

/* Begin PBXSourcesBuildPhase section */
		27ADCECC26D0974800E6ABB4 /* Sources */ = {
			isa = PBXSourcesBuildPhase;
			buildActionMask = 2147483647;
			files = (
				27ADCEF426D0974800E6ABB4 /* ContentView.swift in Sources */,
				27ADCEF226D0974800E6ABB4 /* uygulamaApp.swift in Sources */,
			);
			runOnlyForDeploymentPostprocessing = 0;
		};
		27ADCED426D0974800E6ABB4 /* Sources */ = {
			isa = PBXSourcesBuildPhase;
			buildActionMask = 2147483647;
			files = (
				27ADCEF526D0974800E6ABB4 /* ContentView.swift in Sources */,
				27ADCEF326D0974800E6ABB4 /* uygulamaApp.swift in Sources */,
			);
			runOnlyForDeploymentPostprocessing = 0;
		};
		27ADCEDC26D0974800E6ABB4 /* Sources */ = {
			isa = PBXSourcesBuildPhase;
			buildActionMask = 2147483647;
			files = (
				27ADCEE526D0974800E6ABB4 /* Tests_iOS.swift in Sources */,
			);
			runOnlyForDeploymentPostprocessing = 0;
		};
		27ADCEE726D0974800E6ABB4 /* Sources */ = {
			isa = PBXSourcesBuildPhase;
			buildActionMask = 2147483647;
			files = (
				27ADCEF026D0974800E6ABB4 /* Tests_macOS.swift in Sources */,
			);
			runOnlyForDeploymentPostprocessing = 0;
		};
/* End PBXSourcesBuildPhase section */

/* Begin PBXTargetDependency section */
		27ADCEE226D0974800E6ABB4 /* PBXTargetDependency */ = {
			isa = PBXTargetDependency;
			target = 27ADCECF26D0974800E6ABB4 /* uygulama (iOS) */;
			targetProxy = 27ADCEE126D0974800E6ABB4 /* PBXContainerItemProxy */;
		};
		27ADCEED26D0974800E6ABB4 /* PBXTargetDependency */ = {
			isa = PBXTargetDependency;
			target = 27ADCED726D0974800E6ABB4 /* uygulama (macOS) */;
			targetProxy = 27ADCEEC26D0974800E6ABB4 /* PBXContainerItemProxy */;
		};
/* End PBXTargetDependency section */

/* Begin XCBuildConfiguration section */
		27ADCEF826D0974800E6ABB4 /* Debug */ = {
			isa = XCBuildConfiguration;
			buildSettings = {
				ALWAYS_SEARCH_USER_PATHS = NO;
				CLANG_ANALYZER_NONNULL = YES;
				CLANG_ANALYZER_NUMBER_OBJECT_CONVERSION = YES_AGGRESSIVE;
				CLANG_CXX_LANGUAGE_STANDARD = "gnu++14";
				CLANG_CXX_LIBRARY = "libc++";
				CLANG_ENABLE_MODULES = YES;
				CLANG_ENABLE_OBJC_ARC = YES;
				CLANG_ENABLE_OBJC_WEAK = YES;
				CLANG_WARN_BLOCK_CAPTURE_AUTORELEASING = YES;
				CLANG_WARN_BOOL_CONVERSION = YES;
				CLANG_WARN_COMMA = YES;
				CLANG_WARN_CONSTANT_CONVERSION = YES;
				CLANG_WARN_DEPRECATED_OBJC_IMPLEMENTATIONS = YES;
				CLANG_WARN_DIRECT_OBJC_ISA_USAGE = YES_ERROR;
				CLANG_WARN_DOCUMENTATION_COMMENTS = YES;
				CLANG_WARN_EMPTY_BODY = YES;
				CLANG_WARN_ENUM_CONVERSION = YES;
				CLANG_WARN_INFINITE_RECURSION = YES;
				CLANG_WARN_INT_CONVERSION = YES;
				CLANG_WARN_NON_LITERAL_NULL_CONVERSION = YES;
				CLANG_WARN_OBJC_IMPLICIT_RETAIN_SELF = YES;
				CLANG_WARN_OBJC_LITERAL_CONVERSION = YES;
				CLANG_WARN_OBJC_ROOT_CLASS = YES_ERROR;
				CLANG_WARN_QUOTED_INCLUDE_IN_FRAMEWORK_HEADER = YES;
				CLANG_WARN_RANGE_LOOP_ANALYSIS = YES;
				CLANG_WARN_STRICT_PROTOTYPES = YES;
				CLANG_WARN_SUSPICIOUS_MOVE = YES;
				CLANG_WARN_UNGUARDED_AVAILABILITY = YES_AGGRESSIVE;
				CLANG_WARN_UNREACHABLE_CODE = YES;
				CLANG_WARN__DUPLICATE_METHOD_MATCH = YES;
				COPY_PHASE_STRIP = NO;
				DEBUG_INFORMATION_FORMAT = dwarf;
				ENABLE_STRICT_OBJC_MSGSEND = YES;
				ENABLE_TESTABILITY = YES;
				GCC_C_LANGUAGE_STANDARD = gnu11;
				GCC_DYNAMIC_NO_PIC = NO;
				GCC_NO_COMMON_BLOCKS = YES;
				GCC_OPTIMIZATION_LEVEL = 0;
				GCC_PREPROCESSOR_DEFINITIONS = (
					"DEBUG=1",
					"$(inherited)",
				);
				GCC_WARN_64_TO_32_BIT_CONVERSION = YES;
				GCC_WARN_ABOUT_RETURN_TYPE = YES_ERROR;
				GCC_WARN_UNDECLARED_SELECTOR = YES;
				GCC_WARN_UNINITIALIZED_AUTOS = YES_AGGRESSIVE;
				GCC_WARN_UNUSED_FUNCTION = YES;
				GCC_WARN_UNUSED_VARIABLE = YES;
				MTL_ENABLE_DEBUG_INFO = INCLUDE_SOURCE;
				MTL_FAST_MATH = YES;
				ONLY_ACTIVE_ARCH = YES;
				SWIFT_ACTIVE_COMPILATION_CONDITIONS = DEBUG;
				SWIFT_OPTIMIZATION_LEVEL = "-Onone";
			};
			name = Debug;
		};
		27ADCEF926D0974800E6ABB4 /* Release */ = {
			isa = XCBuildConfiguration;
			buildSettings = {
				ALWAYS_SEARCH_USER_PATHS = NO;
				CLANG_ANALYZER_NONNULL = YES;
				CLANG_ANALYZER_NUMBER_OBJECT_CONVERSION = YES_AGGRESSIVE;
				CLANG_CXX_LANGUAGE_STANDARD = "gnu++14";
				CLANG_CXX_LIBRARY = "libc++";
				CLANG_ENABLE_MODULES = YES;
				CLANG_ENABLE_OBJC_ARC = YES;
				CLANG_ENABLE_OBJC_WEAK = YES;
				CLANG_WARN_BLOCK_CAPTURE_AUTORELEASING = YES;
				CLANG_WARN_BOOL_CONVERSION = YES;
				CLANG_WARN_COMMA = YES;
				CLANG_WARN_CONSTANT_CONVERSION = YES;
				CLANG_WARN_DEPRECATED_OBJC_IMPLEMENTATIONS = YES;
				CLANG_WARN_DIRECT_OBJC_ISA_USAGE = YES_ERROR;
				CLANG_WARN_DOCUMENTATION_COMMENTS = YES;
				CLANG_WARN_EMPTY_BODY = YES;
				CLANG_WARN_ENUM_CONVERSION = YES;
				CLANG_WARN_INFINITE_RECURSION = YES;
				CLANG_WARN_INT_CONVERSION = YES;
				CLANG_WARN_NON_LITERAL_NULL_CONVERSION = YES;
				CLANG_WARN_OBJC_IMPLICIT_RETAIN_SELF = YES;
				CLANG_WARN_OBJC_LITERAL_CONVERSION = YES;
				CLANG_WARN_OBJC_ROOT_CLASS = YES_ERROR;
				CLANG_WARN_QUOTED_INCLUDE_IN_FRAMEWORK_HEADER = YES;
				CLANG_WARN_RANGE_LOOP_ANALYSIS = YES;
				CLANG_WARN_STRICT_PROTOTYPES = YES;
				CLANG_WARN_SUSPICIOUS_MOVE = YES;
				CLANG_WARN_UNGUARDED_AVAILABILITY = YES_AGGRESSIVE;
				CLANG_WARN_UNREACHABLE_CODE = YES;
				CLANG_WARN__DUPLICATE_METHOD_MATCH = YES;
				COPY_PHASE_STRIP = NO;
				DEBUG_INFORMATION_FORMAT = "dwarf-with-dsym";
				ENABLE_NS_ASSERTIONS = NO;
				ENABLE_STRICT_OBJC_MSGSEND = YES;
				GCC_C_LANGUAGE_STANDARD = gnu11;
				GCC_NO_COMMON_BLOCKS = YES;
				GCC_WARN_64_TO_32_BIT_CONVERSION = YES;
				GCC_WARN_ABOUT_RETURN_TYPE = YES_ERROR;
				GCC_WARN_UNDECLARED_SELECTOR = YES;
				GCC_WARN_UNINITIALIZED_AUTOS = YES_AGGRESSIVE;
				GCC_WARN_UNUSED_FUNCTION = YES;
				GCC_WARN_UNUSED_VARIABLE = YES;
				MTL_ENABLE_DEBUG_INFO = NO;
				MTL_FAST_MATH = YES;
				SWIFT_COMPILATION_MODE = wholemodule;
				SWIFT_OPTIMIZATION_LEVEL = "-O";
			};
			name = Release;
		};
		27ADCEFB26D0974800E6ABB4 /* Debug */ = {
			isa = XCBuildConfiguration;
			buildSettings = {
				ASSETCATALOG_COMPILER_APPICON_NAME = AppIcon;
				ASSETCATALOG_COMPILER_GLOBAL_ACCENT_COLOR_NAME = AccentColor;
				CODE_SIGN_STYLE = Automatic;
				DEVELOPMENT_TEAM = DG49FWHXQA;
				ENABLE_PREVIEWS = YES;
				INFOPLIST_FILE = iOS/Info.plist;
				IPHONEOS_DEPLOYMENT_TARGET = 14.0;
				LD_RUNPATH_SEARCH_PATHS = (
					"$(inherited)",
					"@executable_path/Frameworks",
				);
				PRODUCT_BUNDLE_IDENTIFIER = "Mikyas-Group.uygulama";
				PRODUCT_NAME = uygulama;
				SDKROOT = iphoneos;
				SWIFT_VERSION = 5.0;
				TARGETED_DEVICE_FAMILY = "1,2";
			};
			name = Debug;
		};
		27ADCEFC26D0974800E6ABB4 /* Release */ = {
			isa = XCBuildConfiguration;
			buildSettings = {
				ASSETCATALOG_COMPILER_APPICON_NAME = AppIcon;
				ASSETCATALOG_COMPILER_GLOBAL_ACCENT_COLOR_NAME = AccentColor;
				CODE_SIGN_STYLE = Automatic;
				DEVELOPMENT_TEAM = DG49FWHXQA;
				ENABLE_PREVIEWS = YES;
				INFOPLIST_FILE = iOS/Info.plist;
				IPHONEOS_DEPLOYMENT_TARGET = 14.0;
				LD_RUNPATH_SEARCH_PATHS = (
					"$(inherited)",
					"@executable_path/Frameworks",
				);
				PRODUCT_BUNDLE_IDENTIFIER = "Mikyas-Group.uygulama";
				PRODUCT_NAME = uygulama;
				SDKROOT = iphoneos;
				SWIFT_VERSION = 5.0;
				TARGETED_DEVICE_FAMILY = "1,2";
				VALIDATE_PRODUCT = YES;
			};
			name = Release;
		};
		27ADCEFE26D0974800E6ABB4 /* Debug */ = {
			isa = XCBuildConfiguration;
			buildSettings = {
				ASSETCATALOG_COMPILER_APPICON_NAME = AppIcon;
				ASSETCATALOG_COMPILER_GLOBAL_ACCENT_COLOR_NAME = AccentColor;
				CODE_SIGN_ENTITLEMENTS = macOS/macOS.entitlements;
				CODE_SIGN_STYLE = Automatic;
				COMBINE_HIDPI_IMAGES = YES;
				DEVELOPMENT_TEAM = DG49FWHXQA;
				ENABLE_HARDENED_RUNTIME = YES;
				ENABLE_PREVIEWS = YES;
				INFOPLIST_FILE = macOS/Info.plist;
				LD_RUNPATH_SEARCH_PATHS = (
					"$(inherited)",
					"@executable_path/../Frameworks",
				);
				MACOSX_DEPLOYMENT_TARGET = 11.0;
				PRODUCT_BUNDLE_IDENTIFIER = "Mikyas-Group.uygulama";
				PRODUCT_NAME = uygulama;
				SDKROOT = macosx;
				SWIFT_VERSION = 5.0;
			};
			name = Debug;
		};
		27ADCEFF26D0974800E6ABB4 /* Release */ = {
			isa = XCBuildConfiguration;
			buildSettings = {
				ASSETCATALOG_COMPILER_APPICON_NAME = AppIcon;
				ASSETCATALOG_COMPILER_GLOBAL_ACCENT_COLOR_NAME = AccentColor;
				CODE_SIGN_ENTITLEMENTS = macOS/macOS.entitlements;
				CODE_SIGN_STYLE = Automatic;
				COMBINE_HIDPI_IMAGES = YES;
				DEVELOPMENT_TEAM = DG49FWHXQA;
				ENABLE_HARDENED_RUNTIME = YES;
				ENABLE_PREVIEWS = YES;
				INFOPLIST_FILE = macOS/Info.plist;
				LD_RUNPATH_SEARCH_PATHS = (
					"$(inherited)",
					"@executable_path/../Frameworks",
				);
				MACOSX_DEPLOYMENT_TARGET = 11.0;
				PRODUCT_BUNDLE_IDENTIFIER = "Mikyas-Group.uygulama";
				PRODUCT_NAME = uygulama;
				SDKROOT = macosx;
				SWIFT_VERSION = 5.0;
			};
			name = Release;
		};
		27ADCF0126D0974800E6ABB4 /* Debug */ = {
			isa = XCBuildConfiguration;
			buildSettings = {
				ALWAYS_EMBED_SWIFT_STANDARD_LIBRARIES = YES;
				CODE_SIGN_STYLE = Automatic;
				DEVELOPMENT_TEAM = DG49FWHXQA;
				INFOPLIST_FILE = "Tests iOS/Info.plist";
				IPHONEOS_DEPLOYMENT_TARGET = 14.5;
				LD_RUNPATH_SEARCH_PATHS = (
					"$(inherited)",
					"@executable_path/Frameworks",
					"@loader_path/Frameworks",
				);
				PRODUCT_BUNDLE_IDENTIFIER = "Mikyas-Group.Tests-iOS";
				PRODUCT_NAME = "$(TARGET_NAME)";
				SDKROOT = iphoneos;
				SWIFT_VERSION = 5.0;
				TARGETED_DEVICE_FAMILY = "1,2";
				TEST_TARGET_NAME = "uygulama (iOS)";
			};
			name = Debug;
		};
		27ADCF0226D0974800E6ABB4 /* Release */ = {
			isa = XCBuildConfiguration;
			buildSettings = {
				ALWAYS_EMBED_SWIFT_STANDARD_LIBRARIES = YES;
				CODE_SIGN_STYLE = Automatic;
				DEVELOPMENT_TEAM = DG49FWHXQA;
				INFOPLIST_FILE = "Tests iOS/Info.plist";
				IPHONEOS_DEPLOYMENT_TARGET = 14.5;
				LD_RUNPATH_SEARCH_PATHS = (
					"$(inherited)",
					"@executable_path/Frameworks",
					"@loader_path/Frameworks",
				);
				PRODUCT_BUNDLE_IDENTIFIER = "Mikyas-Group.Tests-iOS";
				PRODUCT_NAME = "$(TARGET_NAME)";
				SDKROOT = iphoneos;
				SWIFT_VERSION = 5.0;
				TARGETED_DEVICE_FAMILY = "1,2";
				TEST_TARGET_NAME = "uygulama (iOS)";
				VALIDATE_PRODUCT = YES;
			};
			name = Release;
		};
		27ADCF0426D0974800E6ABB4 /* Debug */ = {
			isa = XCBuildConfiguration;
			buildSettings = {
				ALWAYS_EMBED_SWIFT_STANDARD_LIBRARIES = YES;
				CODE_SIGN_STYLE = Automatic;
				COMBINE_HIDPI_IMAGES = YES;
				DEVELOPMENT_TEAM = DG49FWHXQA;
				INFOPLIST_FILE = "Tests macOS/Info.plist";
				LD_RUNPATH_SEARCH_PATHS = (
					"$(inherited)",
					"@executable_path/../Frameworks",
					"@loader_path/../Frameworks",
				);
				MACOSX_DEPLOYMENT_TARGET = 11.3;
				PRODUCT_BUNDLE_IDENTIFIER = "Mikyas-Group.Tests-macOS";
				PRODUCT_NAME = "$(TARGET_NAME)";
				SDKROOT = macosx;
				SWIFT_VERSION = 5.0;
				TEST_TARGET_NAME = "uygulama (macOS)";
			};
			name = Debug;
		};
		27ADCF0526D0974800E6ABB4 /* Release */ = {
			isa = XCBuildConfiguration;
			buildSettings = {
				ALWAYS_EMBED_SWIFT_STANDARD_LIBRARIES = YES;
				CODE_SIGN_STYLE = Automatic;
				COMBINE_HIDPI_IMAGES = YES;
				DEVELOPMENT_TEAM = DG49FWHXQA;
				INFOPLIST_FILE = "Tests macOS/Info.plist";
				LD_RUNPATH_SEARCH_PATHS = (
					"$(inherited)",
					"@executable_path/../Frameworks",
					"@loader_path/../Frameworks",
				);
				MACOSX_DEPLOYMENT_TARGET = 11.3;
				PRODUCT_BUNDLE_IDENTIFIER = "Mikyas-Group.Tests-macOS";
				PRODUCT_NAME = "$(TARGET_NAME)";
				SDKROOT = macosx;
				SWIFT_VERSION = 5.0;
				TEST_TARGET_NAME = "uygulama (macOS)";
			};
			name = Release;
		};
/* End XCBuildConfiguration section */

/* Begin XCConfigurationList section */
		27ADCEC726D0974600E6ABB4 /* Build configuration list for PBXProject "uygulama" */ = {
			isa = XCConfigurationList;
			buildConfigurations = (
				27ADCEF826D0974800E6ABB4 /* Debug */,
				27ADCEF926D0974800E6ABB4 /* Release */,
			);
			defaultConfigurationIsVisible = 0;
			defaultConfigurationName = Release;
		};
		27ADCEFA26D0974800E6ABB4 /* Build configuration list for PBXNativeTarget "uygulama (iOS)" */ = {
			isa = XCConfigurationList;
			buildConfigurations = (
				27ADCEFB26D0974800E6ABB4 /* Debug */,
				27ADCEFC26D0974800E6ABB4 /* Release */,
			);
			defaultConfigurationIsVisible = 0;
			defaultConfigurationName = Release;
		};
		27ADCEFD26D0974800E6ABB4 /* Build configuration list for PBXNativeTarget "uygulama (macOS)" */ = {
			isa = XCConfigurationList;
			buildConfigurations = (
				27ADCEFE26D0974800E6ABB4 /* Debug */,
				27ADCEFF26D0974800E6ABB4 /* Release */,
			);
			defaultConfigurationIsVisible = 0;
			defaultConfigurationName = Release;
		};
		27ADCF0026D0974800E6ABB4 /* Build configuration list for PBXNativeTarget "Tests iOS" */ = {
			isa = XCConfigurationList;
			buildConfigurations = (
				27ADCF0126D0974800E6ABB4 /* Debug */,
				27ADCF0226D0974800E6ABB4 /* Release */,
			);
			defaultConfigurationIsVisible = 0;
			defaultConfigurationName = Release;
		};
		27ADCF0326D0974800E6ABB4 /* Build configuration list for PBXNativeTarget "Tests macOS" */ = {
			isa = XCConfigurationList;
			buildConfigurations = (
				27ADCF0426D0974800E6ABB4 /* Debug */,
				27ADCF0526D0974800E6ABB4 /* Release */,
			);
			defaultConfigurationIsVisible = 0;
			defaultConfigurationName = Release;
		};
/* End XCConfigurationList section */
	};
	rootObject = 27ADCEC426D0974600E6ABB4 /* Project object */;
}
